// !$*UTF8*$!
{
	archiveVersion = 1;
	classes = {
	};
	objectVersion = 55;
	objects = {

/* Begin PBXBuildFile section */
		152BF2B528794BF300755322 /* TabBarVC.swift in Sources */ = {isa = PBXBuildFile; fileRef = 152BF2B428794BF300755322 /* TabBarVC.swift */; };
		15577AAE2876D62C001AADB5 /* AppDelegate.swift in Sources */ = {isa = PBXBuildFile; fileRef = 15577AAD2876D62C001AADB5 /* AppDelegate.swift */; };
		15577AB02876D62C001AADB5 /* SceneDelegate.swift in Sources */ = {isa = PBXBuildFile; fileRef = 15577AAF2876D62C001AADB5 /* SceneDelegate.swift */; };
		15577AB22876D62C001AADB5 /* AfterLaunchVC.swift in Sources */ = {isa = PBXBuildFile; fileRef = 15577AB12876D62C001AADB5 /* AfterLaunchVC.swift */; };
		15577AB72876D632001AADB5 /* Assets.xcassets in Resources */ = {isa = PBXBuildFile; fileRef = 15577AB62876D632001AADB5 /* Assets.xcassets */; };
		15577ABA2876D632001AADB5 /* LaunchScreen.storyboard in Resources */ = {isa = PBXBuildFile; fileRef = 15577AB82876D632001AADB5 /* LaunchScreen.storyboard */; };
		15C41DD828770BDA004657C1 /* BaseView.swift in Sources */ = {isa = PBXBuildFile; fileRef = 15C41DD728770BDA004657C1 /* BaseView.swift */; };
		15C41DDB28770C6B004657C1 /* AfterLaunchView.swift in Sources */ = {isa = PBXBuildFile; fileRef = 15C41DDA28770C6B004657C1 /* AfterLaunchView.swift */; };
		15C41DDF28770EA1004657C1 /* Extension.swift in Sources */ = {isa = PBXBuildFile; fileRef = 15C41DDE28770EA1004657C1 /* Extension.swift */; };
		15C41DE1287710C3004657C1 /* DefaultConstants.swift in Sources */ = {isa = PBXBuildFile; fileRef = 15C41DE0287710C3004657C1 /* DefaultConstants.swift */; };
/* End PBXBuildFile section */

/* Begin PBXFileReference section */
		152BF2B428794BF300755322 /* TabBarVC.swift */ = {isa = PBXFileReference; lastKnownFileType = sourcecode.swift; path = TabBarVC.swift; sourceTree = "<group>"; };
		15577AAA2876D62B001AADB5 /* GitBrowse.app */ = {isa = PBXFileReference; explicitFileType = wrapper.application; includeInIndex = 0; path = GitBrowse.app; sourceTree = BUILT_PRODUCTS_DIR; };
		15577AAD2876D62C001AADB5 /* AppDelegate.swift */ = {isa = PBXFileReference; lastKnownFileType = sourcecode.swift; path = AppDelegate.swift; sourceTree = "<group>"; };
		15577AAF2876D62C001AADB5 /* SceneDelegate.swift */ = {isa = PBXFileReference; lastKnownFileType = sourcecode.swift; path = SceneDelegate.swift; sourceTree = "<group>"; };
		15577AB12876D62C001AADB5 /* AfterLaunchVC.swift */ = {isa = PBXFileReference; lastKnownFileType = sourcecode.swift; path = AfterLaunchVC.swift; sourceTree = "<group>"; };
		15577AB62876D632001AADB5 /* Assets.xcassets */ = {isa = PBXFileReference; lastKnownFileType = folder.assetcatalog; path = Assets.xcassets; sourceTree = "<group>"; };
		15577AB92876D632001AADB5 /* Base */ = {isa = PBXFileReference; lastKnownFileType = file.storyboard; name = Base; path = Base.lproj/LaunchScreen.storyboard; sourceTree = "<group>"; };
		15577ABB2876D632001AADB5 /* Info.plist */ = {isa = PBXFileReference; lastKnownFileType = text.plist.xml; path = Info.plist; sourceTree = "<group>"; };
		15C41DD728770BDA004657C1 /* BaseView.swift */ = {isa = PBXFileReference; lastKnownFileType = sourcecode.swift; path = BaseView.swift; sourceTree = "<group>"; };
		15C41DDA28770C6B004657C1 /* AfterLaunchView.swift */ = {isa = PBXFileReference; lastKnownFileType = sourcecode.swift; path = AfterLaunchView.swift; sourceTree = "<group>"; };
		15C41DDE28770EA1004657C1 /* Extension.swift */ = {isa = PBXFileReference; lastKnownFileType = sourcecode.swift; path = Extension.swift; sourceTree = "<group>"; };
		15C41DE0287710C3004657C1 /* DefaultConstants.swift */ = {isa = PBXFileReference; lastKnownFileType = sourcecode.swift; path = DefaultConstants.swift; sourceTree = "<group>"; };
/* End PBXFileReference section */

/* Begin PBXFrameworksBuildPhase section */
		15577AA72876D62B001AADB5 /* Frameworks */ = {
			isa = PBXFrameworksBuildPhase;
			buildActionMask = 2147483647;
			files = (
			);
			runOnlyForDeploymentPostprocessing = 0;
		};
/* End PBXFrameworksBuildPhase section */

/* Begin PBXGroup section */
		15577AA12876D62B001AADB5 = {
			isa = PBXGroup;
			children = (
				15577AAC2876D62C001AADB5 /* GitBrowse */,
				15577AAB2876D62B001AADB5 /* Products */,
			);
			sourceTree = "<group>";
		};
		15577AAB2876D62B001AADB5 /* Products */ = {
			isa = PBXGroup;
			children = (
				15577AAA2876D62B001AADB5 /* GitBrowse.app */,
			);
			name = Products;
			sourceTree = "<group>";
		};
		15577AAC2876D62C001AADB5 /* GitBrowse */ = {
			isa = PBXGroup;
			children = (
				15C41DDD28770E7F004657C1 /* Extension */,
				15C41DDC28770D98004657C1 /* Resources */,
				15577AC72876DC09001AADB5 /* Utilites */,
				15577AC62876DBE2001AADB5 /* Network */,
				15577AC52876DBD0001AADB5 /* Defaults */,
				15577AC12876DA70001AADB5 /* SystemDelegates */,
				15577AC22876DAA0001AADB5 /* Model */,
				15577AC32876DAAE001AADB5 /* View */,
				15577AC42876DAC4001AADB5 /* Controller */,
				15577AB82876D632001AADB5 /* LaunchScreen.storyboard */,
				15577ABB2876D632001AADB5 /* Info.plist */,
			);
			path = GitBrowse;
			sourceTree = "<group>";
		};
		15577AC12876DA70001AADB5 /* SystemDelegates */ = {
			isa = PBXGroup;
			children = (
				15577AAF2876D62C001AADB5 /* SceneDelegate.swift */,
				15577AAD2876D62C001AADB5 /* AppDelegate.swift */,
			);
			path = SystemDelegates;
			sourceTree = "<group>";
		};
		15577AC22876DAA0001AADB5 /* Model */ = {
			isa = PBXGroup;
			children = (
			);
			path = Model;
			sourceTree = "<group>";
		};
		15577AC32876DAAE001AADB5 /* View */ = {
			isa = PBXGroup;
			children = (
				15C41DD928770C14004657C1 /* AfterLaunchView */,
				15C41DD628770BAE004657C1 /* BaseViewClass */,
			);
			path = View;
			sourceTree = "<group>";
		};
		15577AC42876DAC4001AADB5 /* Controller */ = {
			isa = PBXGroup;
			children = (
				15577AB12876D62C001AADB5 /* AfterLaunchVC.swift */,
				152BF2B428794BF300755322 /* TabBarVC.swift */,
			);
			path = Controller;
			sourceTree = "<group>";
		};
		15577AC52876DBD0001AADB5 /* Defaults */ = {
			isa = PBXGroup;
			children = (
				15C41DE0287710C3004657C1 /* DefaultConstants.swift */,
			);
			path = Defaults;
			sourceTree = "<group>";
		};
		15577AC62876DBE2001AADB5 /* Network */ = {
			isa = PBXGroup;
			children = (
			);
			path = Network;
			sourceTree = "<group>";
		};
		15577AC72876DC09001AADB5 /* Utilites */ = {
			isa = PBXGroup;
			children = (
			);
			path = Utilites;
			sourceTree = "<group>";
		};
		15C41DD628770BAE004657C1 /* BaseViewClass */ = {
			isa = PBXGroup;
			children = (
				15C41DD728770BDA004657C1 /* BaseView.swift */,
			);
			path = BaseViewClass;
			sourceTree = "<group>";
		};
		15C41DD928770C14004657C1 /* AfterLaunchView */ = {
			isa = PBXGroup;
			children = (
				15C41DDA28770C6B004657C1 /* AfterLaunchView.swift */,
			);
			path = AfterLaunchView;
			sourceTree = "<group>";
		};
		15C41DDC28770D98004657C1 /* Resources */ = {
			isa = PBXGroup;
			children = (
				15577AB62876D632001AADB5 /* Assets.xcassets */,
			);
			path = Resources;
			sourceTree = "<group>";
		};
		15C41DDD28770E7F004657C1 /* Extension */ = {
			isa = PBXGroup;
			children = (
				15C41DDE28770EA1004657C1 /* Extension.swift */,
			);
			path = Extension;
			sourceTree = "<group>";
		};
/* End PBXGroup section */

/* Begin PBXNativeTarget section */
		15577AA92876D62B001AADB5 /* GitBrowse */ = {
			isa = PBXNativeTarget;
			buildConfigurationList = 15577ABE2876D632001AADB5 /* Build configuration list for PBXNativeTarget "GitBrowse" */;
			buildPhases = (
				15577AA62876D62B001AADB5 /* Sources */,
				15577AA72876D62B001AADB5 /* Frameworks */,
				15577AA82876D62B001AADB5 /* Resources */,
			);
			buildRules = (
			);
			dependencies = (
			);
			name = GitBrowse;
			productName = GitBrowse;
			productReference = 15577AAA2876D62B001AADB5 /* GitBrowse.app */;
			productType = "com.apple.product-type.application";
		};
/* End PBXNativeTarget section */

/* Begin PBXProject section */
		15577AA22876D62B001AADB5 /* Project object */ = {
			isa = PBXProject;
			attributes = {
				BuildIndependentTargetsInParallel = 1;
				LastSwiftUpdateCheck = 1320;
				LastUpgradeCheck = 1320;
				TargetAttributes = {
					15577AA92876D62B001AADB5 = {
						CreatedOnToolsVersion = 13.2.1;
					};
				};
			};
			buildConfigurationList = 15577AA52876D62B001AADB5 /* Build configuration list for PBXProject "GitBrowse" */;
			compatibilityVersion = "Xcode 13.0";
			developmentRegion = en;
			hasScannedForEncodings = 0;
			knownRegions = (
				en,
				Base,
			);
			mainGroup = 15577AA12876D62B001AADB5;
			productRefGroup = 15577AAB2876D62B001AADB5 /* Products */;
			projectDirPath = "";
			projectRoot = "";
			targets = (
				15577AA92876D62B001AADB5 /* GitBrowse */,
			);
		};
/* End PBXProject section */

/* Begin PBXResourcesBuildPhase section */
		15577AA82876D62B001AADB5 /* Resources */ = {
			isa = PBXResourcesBuildPhase;
			buildActionMask = 2147483647;
			files = (
				15577ABA2876D632001AADB5 /* LaunchScreen.storyboard in Resources */,
				15577AB72876D632001AADB5 /* Assets.xcassets in Resources */,
			);
			runOnlyForDeploymentPostprocessing = 0;
		};
/* End PBXResourcesBuildPhase section */

/* Begin PBXSourcesBuildPhase section */
		15577AA62876D62B001AADB5 /* Sources */ = {
			isa = PBXSourcesBuildPhase;
			buildActionMask = 2147483647;
			files = (
				15C41DDB28770C6B004657C1 /* AfterLaunchView.swift in Sources */,
				15577AB22876D62C001AADB5 /* AfterLaunchVC.swift in Sources */,
				15577AAE2876D62C001AADB5 /* AppDelegate.swift in Sources */,
				15C41DDF28770EA1004657C1 /* Extension.swift in Sources */,
				15577AB02876D62C001AADB5 /* SceneDelegate.swift in Sources */,
				15C41DE1287710C3004657C1 /* DefaultConstants.swift in Sources */,
				152BF2B528794BF300755322 /* TabBarVC.swift in Sources */,
				15C41DD828770BDA004657C1 /* BaseView.swift in Sources */,
			);
			runOnlyForDeploymentPostprocessing = 0;
		};
/* End PBXSourcesBuildPhase section */

/* Begin PBXVariantGroup section */
		15577AB82876D632001AADB5 /* LaunchScreen.storyboard */ = {
			isa = PBXVariantGroup;
			children = (
				15577AB92876D632001AADB5 /* Base */,
			);
			name = LaunchScreen.storyboard;
			sourceTree = "<group>";
		};
/* End PBXVariantGroup section */

/* Begin XCBuildConfiguration section */
		15577ABC2876D632001AADB5 /* Debug */ = {
			isa = XCBuildConfiguration;
			buildSettings = {
				ALWAYS_SEARCH_USER_PATHS = NO;
				CLANG_ANALYZER_NONNULL = YES;
				CLANG_ANALYZER_NUMBER_OBJECT_CONVERSION = YES_AGGRESSIVE;
				CLANG_CXX_LANGUAGE_STANDARD = "gnu++17";
				CLANG_CXX_LIBRARY = "libc++";
				CLANG_ENABLE_MODULES = YES;
				CLANG_ENABLE_OBJC_ARC = YES;
				CLANG_ENABLE_OBJC_WEAK = YES;
				CLANG_WARN_BLOCK_CAPTURE_AUTORELEASING = YES;
				CLANG_WARN_BOOL_CONVERSION = YES;
				CLANG_WARN_COMMA = YES;
				CLANG_WARN_CONSTANT_CONVERSION = YES;
				CLANG_WARN_DEPRECATED_OBJC_IMPLEMENTATIONS = YES;
				CLANG_WARN_DIRECT_OBJC_ISA_USAGE = YES_ERROR;
				CLANG_WARN_DOCUMENTATION_COMMENTS = YES;
				CLANG_WARN_EMPTY_BODY = YES;
				CLANG_WARN_ENUM_CONVERSION = YES;
				CLANG_WARN_INFINITE_RECURSION = YES;
				CLANG_WARN_INT_CONVERSION = YES;
				CLANG_WARN_NON_LITERAL_NULL_CONVERSION = YES;
				CLANG_WARN_OBJC_IMPLICIT_RETAIN_SELF = YES;
				CLANG_WARN_OBJC_LITERAL_CONVERSION = YES;
				CLANG_WARN_OBJC_ROOT_CLASS = YES_ERROR;
				CLANG_WARN_QUOTED_INCLUDE_IN_FRAMEWORK_HEADER = YES;
				CLANG_WARN_RANGE_LOOP_ANALYSIS = YES;
				CLANG_WARN_STRICT_PROTOTYPES = YES;
				CLANG_WARN_SUSPICIOUS_MOVE = YES;
				CLANG_WARN_UNGUARDED_AVAILABILITY = YES_AGGRESSIVE;
				CLANG_WARN_UNREACHABLE_CODE = YES;
				CLANG_WARN__DUPLICATE_METHOD_MATCH = YES;
				COPY_PHASE_STRIP = NO;
				DEBUG_INFORMATION_FORMAT = dwarf;
				ENABLE_STRICT_OBJC_MSGSEND = YES;
				ENABLE_TESTABILITY = YES;
				GCC_C_LANGUAGE_STANDARD = gnu11;
				GCC_DYNAMIC_NO_PIC = NO;
				GCC_NO_COMMON_BLOCKS = YES;
				GCC_OPTIMIZATION_LEVEL = 0;
				GCC_PREPROCESSOR_DEFINITIONS = (
					"DEBUG=1",
					"$(inherited)",
				);
				GCC_WARN_64_TO_32_BIT_CONVERSION = YES;
				GCC_WARN_ABOUT_RETURN_TYPE = YES_ERROR;
				GCC_WARN_UNDECLARED_SELECTOR = YES;
				GCC_WARN_UNINITIALIZED_AUTOS = YES_AGGRESSIVE;
				GCC_WARN_UNUSED_FUNCTION = YES;
				GCC_WARN_UNUSED_VARIABLE = YES;
				IPHONEOS_DEPLOYMENT_TARGET = 15.2;
				MTL_ENABLE_DEBUG_INFO = INCLUDE_SOURCE;
				MTL_FAST_MATH = YES;
				ONLY_ACTIVE_ARCH = YES;
				SDKROOT = iphoneos;
				SWIFT_ACTIVE_COMPILATION_CONDITIONS = DEBUG;
				SWIFT_OPTIMIZATION_LEVEL = "-Onone";
			};
			name = Debug;
		};
		15577ABD2876D632001AADB5 /* Release */ = {
			isa = XCBuildConfiguration;
			buildSettings = {
				ALWAYS_SEARCH_USER_PATHS = NO;
				CLANG_ANALYZER_NONNULL = YES;
				CLANG_ANALYZER_NUMBER_OBJECT_CONVERSION = YES_AGGRESSIVE;
				CLANG_CXX_LANGUAGE_STANDARD = "gnu++17";
				CLANG_CXX_LIBRARY = "libc++";
				CLANG_ENABLE_MODULES = YES;
				CLANG_ENABLE_OBJC_ARC = YES;
				CLANG_ENABLE_OBJC_WEAK = YES;
				CLANG_WARN_BLOCK_CAPTURE_AUTORELEASING = YES;
				CLANG_WARN_BOOL_CONVERSION = YES;
				CLANG_WARN_COMMA = YES;
				CLANG_WARN_CONSTANT_CONVERSION = YES;
				CLANG_WARN_DEPRECATED_OBJC_IMPLEMENTATIONS = YES;
				CLANG_WARN_DIRECT_OBJC_ISA_USAGE = YES_ERROR;
				CLANG_WARN_DOCUMENTATION_COMMENTS = YES;
				CLANG_WARN_EMPTY_BODY = YES;
				CLANG_WARN_ENUM_CONVERSION = YES;
				CLANG_WARN_INFINITE_RECURSION = YES;
				CLANG_WARN_INT_CONVERSION = YES;
				CLANG_WARN_NON_LITERAL_NULL_CONVERSION = YES;
				CLANG_WARN_OBJC_IMPLICIT_RETAIN_SELF = YES;
				CLANG_WARN_OBJC_LITERAL_CONVERSION = YES;
				CLANG_WARN_OBJC_ROOT_CLASS = YES_ERROR;
				CLANG_WARN_QUOTED_INCLUDE_IN_FRAMEWORK_HEADER = YES;
				CLANG_WARN_RANGE_LOOP_ANALYSIS = YES;
				CLANG_WARN_STRICT_PROTOTYPES = YES;
				CLANG_WARN_SUSPICIOUS_MOVE = YES;
				CLANG_WARN_UNGUARDED_AVAILABILITY = YES_AGGRESSIVE;
				CLANG_WARN_UNREACHABLE_CODE = YES;
				CLANG_WARN__DUPLICATE_METHOD_MATCH = YES;
				COPY_PHASE_STRIP = NO;
				DEBUG_INFORMATION_FORMAT = "dwarf-with-dsym";
				ENABLE_NS_ASSERTIONS = NO;
				ENABLE_STRICT_OBJC_MSGSEND = YES;
				GCC_C_LANGUAGE_STANDARD = gnu11;
				GCC_NO_COMMON_BLOCKS = YES;
				GCC_WARN_64_TO_32_BIT_CONVERSION = YES;
				GCC_WARN_ABOUT_RETURN_TYPE = YES_ERROR;
				GCC_WARN_UNDECLARED_SELECTOR = YES;
				GCC_WARN_UNINITIALIZED_AUTOS = YES_AGGRESSIVE;
				GCC_WARN_UNUSED_FUNCTION = YES;
				GCC_WARN_UNUSED_VARIABLE = YES;
				IPHONEOS_DEPLOYMENT_TARGET = 15.2;
				MTL_ENABLE_DEBUG_INFO = NO;
				MTL_FAST_MATH = YES;
				SDKROOT = iphoneos;
				SWIFT_COMPILATION_MODE = wholemodule;
				SWIFT_OPTIMIZATION_LEVEL = "-O";
				VALIDATE_PRODUCT = YES;
			};
			name = Release;
		};
		15577ABF2876D632001AADB5 /* Debug */ = {
			isa = XCBuildConfiguration;
			buildSettings = {
				ASSETCATALOG_COMPILER_APPICON_NAME = AppIcon;
				ASSETCATALOG_COMPILER_GLOBAL_ACCENT_COLOR_NAME = AccentColor;
				CODE_SIGN_STYLE = Automatic;
				CURRENT_PROJECT_VERSION = 1;
				DEVELOPMENT_TEAM = 3YJVR727HT;
				GENERATE_INFOPLIST_FILE = YES;
				INFOPLIST_FILE = GitBrowse/Info.plist;
				INFOPLIST_KEY_UIApplicationSupportsIndirectInputEvents = YES;
				INFOPLIST_KEY_UILaunchStoryboardName = LaunchScreen;
				INFOPLIST_KEY_UIMainStoryboardFile = LaunchScreen;
				INFOPLIST_KEY_UISupportedInterfaceOrientations_iPad = "UIInterfaceOrientationPortrait UIInterfaceOrientationPortraitUpsideDown UIInterfaceOrientationLandscapeLeft UIInterfaceOrientationLandscapeRight";
				INFOPLIST_KEY_UISupportedInterfaceOrientations_iPhone = "UIInterfaceOrientationPortrait UIInterfaceOrientationLandscapeLeft UIInterfaceOrientationLandscapeRight";
				LD_RUNPATH_SEARCH_PATHS = (
					"$(inherited)",
					"@executable_path/Frameworks",
				);
				MARKETING_VERSION = 1.0;
				PRODUCT_BUNDLE_IDENTIFIER = me.aniruddha200.GitBrowse;
				PRODUCT_NAME = "$(TARGET_NAME)";
				SWIFT_EMIT_LOC_STRINGS = YES;
				SWIFT_VERSION = 5.0;
				TARGETED_DEVICE_FAMILY = "1,2";
			};
			name = Debug;
		};
		15577AC02876D632001AADB5 /* Release */ = {
			isa = XCBuildConfiguration;
			buildSettings = {
				ASSETCATALOG_COMPILER_APPICON_NAME = AppIcon;
				ASSETCATALOG_COMPILER_GLOBAL_ACCENT_COLOR_NAME = AccentColor;
				CODE_SIGN_STYLE = Automatic;
				CURRENT_PROJECT_VERSION = 1;
				DEVELOPMENT_TEAM = 3YJVR727HT;
				GENERATE_INFOPLIST_FILE = YES;
				INFOPLIST_FILE = GitBrowse/Info.plist;
				INFOPLIST_KEY_UIApplicationSupportsIndirectInputEvents = YES;
				INFOPLIST_KEY_UILaunchStoryboardName = LaunchScreen;
				INFOPLIST_KEY_UIMainStoryboardFile = LaunchScreen;
				INFOPLIST_KEY_UISupportedInterfaceOrientations_iPad = "UIInterfaceOrientationPortrait UIInterfaceOrientationPortraitUpsideDown UIInterfaceOrientationLandscapeLeft UIInterfaceOrientationLandscapeRight";
				INFOPLIST_KEY_UISupportedInterfaceOrientations_iPhone = "UIInterfaceOrientationPortrait UIInterfaceOrientationLandscapeLeft UIInterfaceOrientationLandscapeRight";
				LD_RUNPATH_SEARCH_PATHS = (
					"$(inherited)",
					"@executable_path/Frameworks",
				);
				MARKETING_VERSION = 1.0;
				PRODUCT_BUNDLE_IDENTIFIER = me.aniruddha200.GitBrowse;
				PRODUCT_NAME = "$(TARGET_NAME)";
				SWIFT_EMIT_LOC_STRINGS = YES;
				SWIFT_VERSION = 5.0;
				TARGETED_DEVICE_FAMILY = "1,2";
			};
			name = Release;
		};
/* End XCBuildConfiguration section */

/* Begin XCConfigurationList section */
		15577AA52876D62B001AADB5 /* Build configuration list for PBXProject "GitBrowse" */ = {
			isa = XCConfigurationList;
			buildConfigurations = (
				15577ABC2876D632001AADB5 /* Debug */,
				15577ABD2876D632001AADB5 /* Release */,
			);
			defaultConfigurationIsVisible = 0;
			defaultConfigurationName = Release;
		};
		15577ABE2876D632001AADB5 /* Build configuration list for PBXNativeTarget "GitBrowse" */ = {
			isa = XCConfigurationList;
			buildConfigurations = (
				15577ABF2876D632001AADB5 /* Debug */,
				15577AC02876D632001AADB5 /* Release */,
			);
			defaultConfigurationIsVisible = 0;
			defaultConfigurationName = Release;
		};
/* End XCConfigurationList section */
	};
	rootObject = 15577AA22876D62B001AADB5 /* Project object */;
}
